
Microsoft Visual Studio Solution File, Format Version 12.00
# Visual Studio Version 16
VisualStudioVersion = 16.0.29709.97
MinimumVisualStudioVersion = 10.0.40219.1
Project("{FAE04EC0-301F-11D3-BF4B-00C04F79EFBC}") = "uFPC.Core", "uFPC.Core\uFPC.Core.csproj", "{9AB1BD88-8DD5-4164-AF3C-E33D86C838AF}"
EndProject
Project("{2150E333-8FDC-42A3-9474-1A3956D46DE8}") = "dist", "dist", "{9228D12C-7E07-47F8-9460-5EFE92FE9854}"
EndProject
Project("{2150E333-8FDC-42A3-9474-1A3956D46DE8}") = "1.0.0", "1.0.0", "{3C0D0BDB-8F02-4490-B1F7-2A3F00957ED4}"
	ProjectSection(SolutionItems) = preProject
		dist\1.0.0\uFPC_1.0.0.zip = dist\1.0.0\uFPC_1.0.0.zip
	EndProjectSection
EndProject
Project("{FAE04EC0-301F-11D3-BF4B-00C04F79EFBC}") = "uFPC.Site", "uFPC.Site\uFPC.Site.csproj", "{E85947BE-11E7-4DD4-99DB-0DCE881F165E}"
EndProject
Global
	GlobalSection(SolutionConfigurationPlatforms) = preSolution
		Debug|Any CPU = Debug|Any CPU
		Release|Any CPU = Release|Any CPU
	EndGlobalSection
	GlobalSection(ProjectConfigurationPlatforms) = postSolution
		{9AB1BD88-8DD5-4164-AF3C-E33D86C838AF}.Debug|Any CPU.ActiveCfg = Debug|Any CPU
		{9AB1BD88-8DD5-4164-AF3C-E33D86C838AF}.Debug|Any CPU.Build.0 = Debug|Any CPU
		{9AB1BD88-8DD5-4164-AF3C-E33D86C838AF}.Release|Any CPU.ActiveCfg = Release|Any CPU
		{9AB1BD88-8DD5-4164-AF3C-E33D86C838AF}.Release|Any CPU.Build.0 = Release|Any CPU
		{E85947BE-11E7-4DD4-99DB-0DCE881F165E}.Debug|Any CPU.ActiveCfg = Debug|Any CPU
		{E85947BE-11E7-4DD4-99DB-0DCE881F165E}.Debug|Any CPU.Build.0 = Debug|Any CPU
		{E85947BE-11E7-4DD4-99DB-0DCE881F165E}.Release|Any CPU.ActiveCfg = Release|Any CPU
		{E85947BE-11E7-4DD4-99DB-0DCE881F165E}.Release|Any CPU.Build.0 = Release|Any CPU
	EndGlobalSection
	GlobalSection(SolutionProperties) = preSolution
		HideSolutionNode = FALSE
	EndGlobalSection
	GlobalSection(NestedProjects) = preSolution
		{3C0D0BDB-8F02-4490-B1F7-2A3F00957ED4} = {9228D12C-7E07-47F8-9460-5EFE92FE9854}
	EndGlobalSection
	GlobalSection(ExtensibilityGlobals) = postSolution
		SolutionGuid = {762756A1-71DB-4223-B2D5-05B02D10D571}
	EndGlobalSection
EndGlobal
